// !$*UTF8*$!
{
	archiveVersion = 1;
	classes = {
	};
	objectVersion = 46;
	objects = {

/* Begin PBXBuildFile section */
		1D3623260D0F684500981E51 /* zenAppDelegate.m in Sources */ = {isa = PBXBuildFile; fileRef = 1D3623250D0F684500981E51 /* zenAppDelegate.m */; };
		1D60589B0D05DD56006BFB54 /* main.m in Sources */ = {isa = PBXBuildFile; fileRef = 29B97316FDCFA39411CA2CEA /* main.m */; };
		1D60589F0D05DD5A006BFB54 /* Foundation.framework in Frameworks */ = {isa = PBXBuildFile; fileRef = 1D30AB110D05D00D00671497 /* Foundation.framework */; };
		1DF5F4E00D08C38300B7A737 /* UIKit.framework in Frameworks */ = {isa = PBXBuildFile; fileRef = 1DF5F4DF0D08C38300B7A737 /* UIKit.framework */; };
		288765A50DF7441C002DB57D /* CoreGraphics.framework in Frameworks */ = {isa = PBXBuildFile; fileRef = 288765A40DF7441C002DB57D /* CoreGraphics.framework */; };
		2899E5220DE3E06400AC0155 /* zenViewController.xib in Resources */ = {isa = PBXBuildFile; fileRef = 2899E5210DE3E06400AC0155 /* zenViewController.xib */; };
		28AD733F0D9D9553002E5188 /* MainWindow.xib in Resources */ = {isa = PBXBuildFile; fileRef = 28AD733E0D9D9553002E5188 /* MainWindow.xib */; };
		28D7ACF80DDB3853001CB0EB /* zenViewController.m in Sources */ = {isa = PBXBuildFile; fileRef = 28D7ACF70DDB3853001CB0EB /* zenViewController.m */; };
		79528549158BD6F70094E203 /* Signaller.m in Sources */ = {isa = PBXBuildFile; fileRef = 79528548158BD6F70094E203 /* Signaller.m */; };
		7993B611158D04F10082E6DC /* MotionDetector.m in Sources */ = {isa = PBXBuildFile; fileRef = 7993B610158D04F10082E6DC /* MotionDetector.m */; };
		7993B615158D10F10082E6DC /* VisibilitySwitch.m in Sources */ = {isa = PBXBuildFile; fileRef = 7993B614158D10F10082E6DC /* VisibilitySwitch.m */; };
		7993B619158D258B0082E6DC /* VisibleTimer.m in Sources */ = {isa = PBXBuildFile; fileRef = 7993B618158D258B0082E6DC /* VisibleTimer.m */; };
		7993B61C158D340B0082E6DC /* Tweeter.m in Sources */ = {isa = PBXBuildFile; fileRef = 7993B61B158D340B0082E6DC /* Tweeter.m */; };
		7993B61F158D3C560082E6DC /* TouchSensor.m in Sources */ = {isa = PBXBuildFile; fileRef = 7993B61E158D3C560082E6DC /* TouchSensor.m */; };
		7993B622158D50F50082E6DC /* Vector.m in Sources */ = {isa = PBXBuildFile; fileRef = 7993B621158D50F50082E6DC /* Vector.m */; };
		79B79AFC158C79FF005421B5 /* Sound.m in Sources */ = {isa = PBXBuildFile; fileRef = 79B79AFB158C79FF005421B5 /* Sound.m */; };
		79B79B05158CFF80005421B5 /* Timer.m in Sources */ = {isa = PBXBuildFile; fileRef = 79B79B04158CFF80005421B5 /* Timer.m */; };
		79EB97811556B2630025F397 /* Icon.png in Resources */ = {isa = PBXBuildFile; fileRef = 79EB97801556B2630025F397 /* Icon.png */; };
		79EB97831556C90F0025F397 /* Twitter.framework in Frameworks */ = {isa = PBXBuildFile; fileRef = 79EB97821556C90E0025F397 /* Twitter.framework */; };
		79EB97851556C9170025F397 /* Accounts.framework in Frameworks */ = {isa = PBXBuildFile; fileRef = 79EB97841556C9170025F397 /* Accounts.framework */; };
		A0C239FF1542D661002628CA /* AVFoundation.framework in Frameworks */ = {isa = PBXBuildFile; fileRef = A0C239FE1542D661002628CA /* AVFoundation.framework */; };
		A0C23A071542D6A0002628CA /* waves.mp3 in Resources */ = {isa = PBXBuildFile; fileRef = A0C23A061542D6A0002628CA /* waves.mp3 */; };
/* End PBXBuildFile section */

/* Begin PBXFileReference section */
		1D30AB110D05D00D00671497 /* Foundation.framework */ = {isa = PBXFileReference; lastKnownFileType = wrapper.framework; name = Foundation.framework; path = System/Library/Frameworks/Foundation.framework; sourceTree = SDKROOT; };
		1D3623240D0F684500981E51 /* zenAppDelegate.h */ = {isa = PBXFileReference; fileEncoding = 4; lastKnownFileType = sourcecode.c.h; path = zenAppDelegate.h; sourceTree = "<group>"; };
		1D3623250D0F684500981E51 /* zenAppDelegate.m */ = {isa = PBXFileReference; fileEncoding = 4; lastKnownFileType = sourcecode.c.objc; path = zenAppDelegate.m; sourceTree = "<group>"; };
		1D6058910D05DD3D006BFB54 /* zen.app */ = {isa = PBXFileReference; explicitFileType = wrapper.application; includeInIndex = 0; path = zen.app; sourceTree = BUILT_PRODUCTS_DIR; };
		1DF5F4DF0D08C38300B7A737 /* UIKit.framework */ = {isa = PBXFileReference; lastKnownFileType = wrapper.framework; name = UIKit.framework; path = System/Library/Frameworks/UIKit.framework; sourceTree = SDKROOT; };
		288765A40DF7441C002DB57D /* CoreGraphics.framework */ = {isa = PBXFileReference; lastKnownFileType = wrapper.framework; name = CoreGraphics.framework; path = System/Library/Frameworks/CoreGraphics.framework; sourceTree = SDKROOT; };
		2899E5210DE3E06400AC0155 /* zenViewController.xib */ = {isa = PBXFileReference; lastKnownFileType = file.xib; path = zenViewController.xib; sourceTree = "<group>"; };
		28AD733E0D9D9553002E5188 /* MainWindow.xib */ = {isa = PBXFileReference; lastKnownFileType = file.xib; path = MainWindow.xib; sourceTree = "<group>"; };
		28D7ACF60DDB3853001CB0EB /* zenViewController.h */ = {isa = PBXFileReference; fileEncoding = 4; lastKnownFileType = sourcecode.c.h; path = zenViewController.h; sourceTree = "<group>"; };
		28D7ACF70DDB3853001CB0EB /* zenViewController.m */ = {isa = PBXFileReference; fileEncoding = 4; lastKnownFileType = sourcecode.c.objc; path = zenViewController.m; sourceTree = "<group>"; };
		29B97316FDCFA39411CA2CEA /* main.m */ = {isa = PBXFileReference; fileEncoding = 4; lastKnownFileType = sourcecode.c.objc; path = main.m; sourceTree = "<group>"; };
		32CA4F630368D1EE00C91783 /* zen_Prefix.pch */ = {isa = PBXFileReference; fileEncoding = 4; lastKnownFileType = sourcecode.c.h; path = zen_Prefix.pch; sourceTree = "<group>"; };
		79528547158BD6F70094E203 /* Signaller.h */ = {isa = PBXFileReference; fileEncoding = 4; lastKnownFileType = sourcecode.c.h; path = Signaller.h; sourceTree = "<group>"; };
		79528548158BD6F70094E203 /* Signaller.m */ = {isa = PBXFileReference; fileEncoding = 4; lastKnownFileType = sourcecode.c.objc; path = Signaller.m; sourceTree = "<group>"; };
		7993B60F158D04F10082E6DC /* MotionDetector.h */ = {isa = PBXFileReference; fileEncoding = 4; path = MotionDetector.h; sourceTree = "<group>"; };
		7993B610158D04F10082E6DC /* MotionDetector.m */ = {isa = PBXFileReference; fileEncoding = 4; lastKnownFileType = sourcecode.c.objc; path = MotionDetector.m; sourceTree = "<group>"; };
		7993B613158D10F10082E6DC /* VisibilitySwitch.h */ = {isa = PBXFileReference; fileEncoding = 4; lastKnownFileType = sourcecode.c.h; path = VisibilitySwitch.h; sourceTree = "<group>"; };
		7993B614158D10F10082E6DC /* VisibilitySwitch.m */ = {isa = PBXFileReference; fileEncoding = 4; lastKnownFileType = sourcecode.c.objc; path = VisibilitySwitch.m; sourceTree = "<group>"; };
		7993B616158D23FE0082E6DC /* TimerListener.h */ = {isa = PBXFileReference; lastKnownFileType = sourcecode.c.h; path = TimerListener.h; sourceTree = "<group>"; };
		7993B617158D258B0082E6DC /* VisibleTimer.h */ = {isa = PBXFileReference; fileEncoding = 4; lastKnownFileType = sourcecode.c.h; path = VisibleTimer.h; sourceTree = "<group>"; };
		7993B618158D258B0082E6DC /* VisibleTimer.m */ = {isa = PBXFileReference; fileEncoding = 4; lastKnownFileType = sourcecode.c.objc; path = VisibleTimer.m; sourceTree = "<group>"; };
		7993B61A158D340B0082E6DC /* Tweeter.h */ = {isa = PBXFileReference; fileEncoding = 4; lastKnownFileType = sourcecode.c.h; path = Tweeter.h; sourceTree = "<group>"; };
		7993B61B158D340B0082E6DC /* Tweeter.m */ = {isa = PBXFileReference; fileEncoding = 4; lastKnownFileType = sourcecode.c.objc; path = Tweeter.m; sourceTree = "<group>"; };
		7993B61D158D3C560082E6DC /* TouchSensor.h */ = {isa = PBXFileReference; fileEncoding = 4; lastKnownFileType = sourcecode.c.h; path = TouchSensor.h; sourceTree = "<group>"; };
		7993B61E158D3C560082E6DC /* TouchSensor.m */ = {isa = PBXFileReference; fileEncoding = 4; lastKnownFileType = sourcecode.c.objc; path = TouchSensor.m; sourceTree = "<group>"; };
		7993B620158D50F50082E6DC /* Vector.h */ = {isa = PBXFileReference; fileEncoding = 4; lastKnownFileType = sourcecode.c.h; path = Vector.h; sourceTree = "<group>"; };
		7993B621158D50F50082E6DC /* Vector.m */ = {isa = PBXFileReference; fileEncoding = 4; lastKnownFileType = sourcecode.c.objc; path = Vector.m; sourceTree = "<group>"; };
		79B79AFA158C79FF005421B5 /* Sound.h */ = {isa = PBXFileReference; fileEncoding = 4; lastKnownFileType = sourcecode.c.h; path = Sound.h; sourceTree = "<group>"; };
		79B79AFB158C79FF005421B5 /* Sound.m */ = {isa = PBXFileReference; fileEncoding = 4; lastKnownFileType = sourcecode.c.objc; path = Sound.m; sourceTree = "<group>"; };
		79B79B02158CFC98005421B5 /* ZenningListener.h */ = {isa = PBXFileReference; lastKnownFileType = sourcecode.c.h; name = ZenningListener.h; path = ../ZenningListener.h; sourceTree = "<group>"; };
		79B79B03158CFF80005421B5 /* Timer.h */ = {isa = PBXFileReference; fileEncoding = 4; lastKnownFileType = sourcecode.c.h; path = Timer.h; sourceTree = "<group>"; };
		79B79B04158CFF80005421B5 /* Timer.m */ = {isa = PBXFileReference; fileEncoding = 4; lastKnownFileType = sourcecode.c.objc; path = Timer.m; sourceTree = "<group>"; };
		79EB97801556B2630025F397 /* Icon.png */ = {isa = PBXFileReference; lastKnownFileType = image.png; path = Icon.png; sourceTree = "<group>"; };
		79EB97821556C90E0025F397 /* Twitter.framework */ = {isa = PBXFileReference; lastKnownFileType = wrapper.framework; name = Twitter.framework; path = System/Library/Frameworks/Twitter.framework; sourceTree = SDKROOT; };
		79EB97841556C9170025F397 /* Accounts.framework */ = {isa = PBXFileReference; lastKnownFileType = wrapper.framework; name = Accounts.framework; path = System/Library/Frameworks/Accounts.framework; sourceTree = SDKROOT; };
		8D1107310486CEB800E47090 /* zen-Info.plist */ = {isa = PBXFileReference; fileEncoding = 4; lastKnownFileType = text.plist.xml; path = "zen-Info.plist"; plistStructureDefinitionIdentifier = "com.apple.xcode.plist.structure-definition.iphone.info-plist"; sourceTree = "<group>"; };
		A0C239FE1542D661002628CA /* AVFoundation.framework */ = {isa = PBXFileReference; lastKnownFileType = wrapper.framework; name = AVFoundation.framework; path = System/Library/Frameworks/AVFoundation.framework; sourceTree = SDKROOT; };
		A0C23A061542D6A0002628CA /* waves.mp3 */ = {isa = PBXFileReference; lastKnownFileType = audio.mp3; path = waves.mp3; sourceTree = "<group>"; };
/* End PBXFileReference section */

/* Begin PBXFrameworksBuildPhase section */
		1D60588F0D05DD3D006BFB54 /* Frameworks */ = {
			isa = PBXFrameworksBuildPhase;
			buildActionMask = 2147483647;
			files = (
				79EB97851556C9170025F397 /* Accounts.framework in Frameworks */,
				79EB97831556C90F0025F397 /* Twitter.framework in Frameworks */,
				1D60589F0D05DD5A006BFB54 /* Foundation.framework in Frameworks */,
				1DF5F4E00D08C38300B7A737 /* UIKit.framework in Frameworks */,
				288765A50DF7441C002DB57D /* CoreGraphics.framework in Frameworks */,
				A0C239FF1542D661002628CA /* AVFoundation.framework in Frameworks */,
			);
			runOnlyForDeploymentPostprocessing = 0;
		};
/* End PBXFrameworksBuildPhase section */

/* Begin PBXGroup section */
		080E96DDFE201D6D7F000001 /* Classes */ = {
			isa = PBXGroup;
			children = (
				79B79B02158CFC98005421B5 /* ZenningListener.h */,
				1D3623240D0F684500981E51 /* zenAppDelegate.h */,
				1D3623250D0F684500981E51 /* zenAppDelegate.m */,
				28D7ACF60DDB3853001CB0EB /* zenViewController.h */,
				28D7ACF70DDB3853001CB0EB /* zenViewController.m */,
				7993B61D158D3C560082E6DC /* TouchSensor.h */,
				7993B61E158D3C560082E6DC /* TouchSensor.m */,
				7993B61A158D340B0082E6DC /* Tweeter.h */,
				7993B61B158D340B0082E6DC /* Tweeter.m */,
				7993B616158D23FE0082E6DC /* TimerListener.h */,
				7993B617158D258B0082E6DC /* VisibleTimer.h */,
				7993B618158D258B0082E6DC /* VisibleTimer.m */,
				7993B613158D10F10082E6DC /* VisibilitySwitch.h */,
				7993B614158D10F10082E6DC /* VisibilitySwitch.m */,
				7993B60F158D04F10082E6DC /* MotionDetector.h */,
				7993B610158D04F10082E6DC /* MotionDetector.m */,
				7993B620158D50F50082E6DC /* Vector.h */,
				7993B621158D50F50082E6DC /* Vector.m */,
				79B79B03158CFF80005421B5 /* Timer.h */,
				79B79B04158CFF80005421B5 /* Timer.m */,
				79B79AFA158C79FF005421B5 /* Sound.h */,
				79B79AFB158C79FF005421B5 /* Sound.m */,
				79528547158BD6F70094E203 /* Signaller.h */,
				79528548158BD6F70094E203 /* Signaller.m */,
			);
			path = Classes;
			sourceTree = "<group>";
		};
		19C28FACFE9D520D11CA2CBB /* Products */ = {
			isa = PBXGroup;
			children = (
				1D6058910D05DD3D006BFB54 /* zen.app */,
			);
			name = Products;
			sourceTree = "<group>";
		};
		29B97314FDCFA39411CA2CEA /* CustomTemplate */ = {
			isa = PBXGroup;
			children = (
				79EB97841556C9170025F397 /* Accounts.framework */,
				79EB97821556C90E0025F397 /* Twitter.framework */,
				080E96DDFE201D6D7F000001 /* Classes */,
				29B97315FDCFA39411CA2CEA /* Other Sources */,
				29B97317FDCFA39411CA2CEA /* Resources */,
				29B97323FDCFA39411CA2CEA /* Frameworks */,
				19C28FACFE9D520D11CA2CBB /* Products */,
				A0C239FE1542D661002628CA /* AVFoundation.framework */,
			);
			name = CustomTemplate;
			sourceTree = "<group>";
		};
		29B97315FDCFA39411CA2CEA /* Other Sources */ = {
			isa = PBXGroup;
			children = (
				32CA4F630368D1EE00C91783 /* zen_Prefix.pch */,
				29B97316FDCFA39411CA2CEA /* main.m */,
			);
			name = "Other Sources";
			sourceTree = "<group>";
		};
		29B97317FDCFA39411CA2CEA /* Resources */ = {
			isa = PBXGroup;
			children = (
				79EB97801556B2630025F397 /* Icon.png */,
				A0C23A061542D6A0002628CA /* waves.mp3 */,
				2899E5210DE3E06400AC0155 /* zenViewController.xib */,
				28AD733E0D9D9553002E5188 /* MainWindow.xib */,
				8D1107310486CEB800E47090 /* zen-Info.plist */,
			);
			name = Resources;
			sourceTree = "<group>";
		};
		29B97323FDCFA39411CA2CEA /* Frameworks */ = {
			isa = PBXGroup;
			children = (
				1DF5F4DF0D08C38300B7A737 /* UIKit.framework */,
				1D30AB110D05D00D00671497 /* Foundation.framework */,
				288765A40DF7441C002DB57D /* CoreGraphics.framework */,
			);
			name = Frameworks;
			sourceTree = "<group>";
		};
/* End PBXGroup section */

/* Begin PBXNativeTarget section */
		1D6058900D05DD3D006BFB54 /* zen */ = {
			isa = PBXNativeTarget;
			buildConfigurationList = 1D6058960D05DD3E006BFB54 /* Build configuration list for PBXNativeTarget "zen" */;
			buildPhases = (
				1D60588D0D05DD3D006BFB54 /* Resources */,
				1D60588E0D05DD3D006BFB54 /* Sources */,
				1D60588F0D05DD3D006BFB54 /* Frameworks */,
			);
			buildRules = (
			);
			dependencies = (
			);
			name = zen;
			productName = zen;
			productReference = 1D6058910D05DD3D006BFB54 /* zen.app */;
			productType = "com.apple.product-type.application";
		};
/* End PBXNativeTarget section */

/* Begin PBXProject section */
		29B97313FDCFA39411CA2CEA /* Project object */ = {
			isa = PBXProject;
			attributes = {
				LastUpgradeCheck = 0430;
				ORGANIZATIONNAME = "TheZenApp, Ltd.";
			};
			buildConfigurationList = C01FCF4E08A954540054247B /* Build configuration list for PBXProject "zen" */;
			compatibilityVersion = "Xcode 3.2";
			developmentRegion = English;
			hasScannedForEncodings = 1;
			knownRegions = (
				English,
				Japanese,
				French,
				German,
			);
			mainGroup = 29B97314FDCFA39411CA2CEA /* CustomTemplate */;
			projectDirPath = "";
			projectRoot = "";
			targets = (
				1D6058900D05DD3D006BFB54 /* zen */,
			);
		};
/* End PBXProject section */

/* Begin PBXResourcesBuildPhase section */
		1D60588D0D05DD3D006BFB54 /* Resources */ = {
			isa = PBXResourcesBuildPhase;
			buildActionMask = 2147483647;
			files = (
				28AD733F0D9D9553002E5188 /* MainWindow.xib in Resources */,
				2899E5220DE3E06400AC0155 /* zenViewController.xib in Resources */,
				A0C23A071542D6A0002628CA /* waves.mp3 in Resources */,
				79EB97811556B2630025F397 /* Icon.png in Resources */,
			);
			runOnlyForDeploymentPostprocessing = 0;
		};
/* End PBXResourcesBuildPhase section */

/* Begin PBXSourcesBuildPhase section */
		1D60588E0D05DD3D006BFB54 /* Sources */ = {
			isa = PBXSourcesBuildPhase;
			buildActionMask = 2147483647;
			files = (
				1D60589B0D05DD56006BFB54 /* main.m in Sources */,
				1D3623260D0F684500981E51 /* zenAppDelegate.m in Sources */,
				28D7ACF80DDB3853001CB0EB /* zenViewController.m in Sources */,
				79528549158BD6F70094E203 /* Signaller.m in Sources */,
				79B79AFC158C79FF005421B5 /* Sound.m in Sources */,
				79B79B05158CFF80005421B5 /* Timer.m in Sources */,
				7993B611158D04F10082E6DC /* MotionDetector.m in Sources */,
				7993B615158D10F10082E6DC /* VisibilitySwitch.m in Sources */,
				7993B619158D258B0082E6DC /* VisibleTimer.m in Sources */,
				7993B61C158D340B0082E6DC /* Tweeter.m in Sources */,
				7993B61F158D3C560082E6DC /* TouchSensor.m in Sources */,
				7993B622158D50F50082E6DC /* Vector.m in Sources */,
			);
			runOnlyForDeploymentPostprocessing = 0;
		};
/* End PBXSourcesBuildPhase section */

/* Begin XCBuildConfiguration section */
		1D6058940D05DD3E006BFB54 /* Debug */ = {
			isa = XCBuildConfiguration;
			buildSettings = {
				ALWAYS_SEARCH_USER_PATHS = NO;
				COPY_PHASE_STRIP = NO;
				GCC_DYNAMIC_NO_PIC = NO;
				GCC_OPTIMIZATION_LEVEL = 0;
				GCC_PRECOMPILE_PREFIX_HEADER = YES;
				GCC_PREFIX_HEADER = zen_Prefix.pch;
				INFOPLIST_FILE = "zen-Info.plist";
				PRODUCT_NAME = zen;
			};
			name = Debug;
		};
		1D6058950D05DD3E006BFB54 /* Release */ = {
			isa = XCBuildConfiguration;
			buildSettings = {
				ALWAYS_SEARCH_USER_PATHS = NO;
				COPY_PHASE_STRIP = YES;
				GCC_PRECOMPILE_PREFIX_HEADER = YES;
				GCC_PREFIX_HEADER = zen_Prefix.pch;
				INFOPLIST_FILE = "zen-Info.plist";
				PRODUCT_NAME = zen;
				VALIDATE_PRODUCT = YES;
			};
			name = Release;
		};
		C01FCF4F08A954540054247B /* Debug */ = {
			isa = XCBuildConfiguration;
			buildSettings = {
				ARCHS = "$(ARCHS_STANDARD_32_BIT)";
				"CODE_SIGN_IDENTITY[sdk=iphoneos*]" = "iPhone Developer";
				GCC_C_LANGUAGE_STANDARD = c99;
				GCC_WARN_ABOUT_RETURN_TYPE = YES;
				GCC_WARN_UNUSED_VARIABLE = YES;
				SDKROOT = iphoneos;
			};
			name = Debug;
		};
		C01FCF5008A954540054247B /* Release */ = {
			isa = XCBuildConfiguration;
			buildSettings = {
				ARCHS = "$(ARCHS_STANDARD_32_BIT)";
				"CODE_SIGN_IDENTITY[sdk=iphoneos*]" = "iPhone Developer";
				GCC_C_LANGUAGE_STANDARD = c99;
				GCC_WARN_ABOUT_RETURN_TYPE = YES;
				GCC_WARN_UNUSED_VARIABLE = YES;
				"INFOPLIST_FILE[sdk=*]" = "";
				OTHER_CFLAGS = "-DNS_BLOCK_ASSERTIONS=1";
				SDKROOT = iphoneos;
			};
			name = Release;
		};
/* End XCBuildConfiguration section */

/* Begin XCConfigurationList section */
		1D6058960D05DD3E006BFB54 /* Build configuration list for PBXNativeTarget "zen" */ = {
			isa = XCConfigurationList;
			buildConfigurations = (
				1D6058940D05DD3E006BFB54 /* Debug */,
				1D6058950D05DD3E006BFB54 /* Release */,
			);
			defaultConfigurationIsVisible = 0;
			defaultConfigurationName = Release;
		};
		C01FCF4E08A954540054247B /* Build configuration list for PBXProject "zen" */ = {
			isa = XCConfigurationList;
			buildConfigurations = (
				C01FCF4F08A954540054247B /* Debug */,
				C01FCF5008A954540054247B /* Release */,
			);
			defaultConfigurationIsVisible = 0;
			defaultConfigurationName = Release;
		};
/* End XCConfigurationList section */
	};
	rootObject = 29B97313FDCFA39411CA2CEA /* Project object */;
}
